
Microsoft Visual Studio Solution File, Format Version 12.00
# Visual Studio 14
VisualStudioVersion = 14.0.25420.1
MinimumVisualStudioVersion = 10.0.40219.1
Project("{FAE04EC0-301F-11D3-BF4B-00C04F79EFBC}") = "Game1", "Game1\Game1.csproj", "{6DD4F229-6ED2-4849-BC76-F02457D5BBF0}"
EndProject
Project("{2150E333-8FDC-42A3-9474-1A3956D46DE8}") = "Solution Items", "Solution Items", "{3F6CE337-004A-46A8-B5E5-54E9336D5BAB}"
EndProject
Project("{FAE04EC0-301F-11D3-BF4B-00C04F79EFBC}") = "GenericList", "GenericList\GenericList.csproj", "{1D65F495-6B2E-4117-8245-A65E34782578}"
EndProject
Global
	GlobalSection(SolutionConfigurationPlatforms) = preSolution
		Debug|Any CPU = Debug|Any CPU
		Debug|x86 = Debug|x86
		Release|Any CPU = Release|Any CPU
		Release|x86 = Release|x86
	EndGlobalSection
	GlobalSection(ProjectConfigurationPlatforms) = postSolution
		{6DD4F229-6ED2-4849-BC76-F02457D5BBF0}.Debug|Any CPU.ActiveCfg = Debug|x86
		{6DD4F229-6ED2-4849-BC76-F02457D5BBF0}.Debug|x86.ActiveCfg = Debug|x86
		{6DD4F229-6ED2-4849-BC76-F02457D5BBF0}.Debug|x86.Build.0 = Debug|x86
		{6DD4F229-6ED2-4849-BC76-F02457D5BBF0}.Release|Any CPU.ActiveCfg = Release|x86
		{6DD4F229-6ED2-4849-BC76-F02457D5BBF0}.Release|x86.ActiveCfg = Release|x86
		{6DD4F229-6ED2-4849-BC76-F02457D5BBF0}.Release|x86.Build.0 = Release|x86
		{1D65F495-6B2E-4117-8245-A65E34782578}.Debug|Any CPU.ActiveCfg = Debug|Any CPU
		{1D65F495-6B2E-4117-8245-A65E34782578}.Debug|Any CPU.Build.0 = Debug|Any CPU
		{1D65F495-6B2E-4117-8245-A65E34782578}.Debug|x86.ActiveCfg = Debug|Any CPU
		{1D65F495-6B2E-4117-8245-A65E34782578}.Debug|x86.Build.0 = Debug|Any CPU
		{1D65F495-6B2E-4117-8245-A65E34782578}.Release|Any CPU.ActiveCfg = Release|Any CPU
		{1D65F495-6B2E-4117-8245-A65E34782578}.Release|Any CPU.Build.0 = Release|Any CPU
		{1D65F495-6B2E-4117-8245-A65E34782578}.Release|x86.ActiveCfg = Release|Any CPU
		{1D65F495-6B2E-4117-8245-A65E34782578}.Release|x86.Build.0 = Release|Any CPU
	EndGlobalSection
	GlobalSection(SolutionProperties) = preSolution
		HideSolutionNode = FALSE
	EndGlobalSection
EndGlobal
